
Microsoft Visual Studio Solution File, Format Version 12.00
# Visual Studio 15
VisualStudioVersion = 15.0.27004.2002
MinimumVisualStudioVersion = 10.0.40219.1
Project("{FAE04EC0-301F-11D3-BF4B-00C04F79EFBC}") = "HackMatch", "HackMatch.csproj", "{AA5CC406-BF16-4BD1-B089-1469D1471309}"
EndProject
Project("{FAE04EC0-301F-11D3-BF4B-00C04F79EFBC}") = "HackMatchServer", "..\HackMatchServer\HackMatchServer.csproj", "{04D79BAE-5217-4B1C-9648-B1D16841321C}"
EndProject
Global
	GlobalSection(SolutionConfigurationPlatforms) = preSolution
		Debug|Any CPU = Debug|Any CPU
		Release|Any CPU = Release|Any CPU
	EndGlobalSection
	GlobalSection(ProjectConfigurationPlatforms) = postSolution
		{AA5CC406-BF16-4BD1-B089-1469D1471309}.Debug|Any CPU.ActiveCfg = Debug|Any CPU
		{AA5CC406-BF16-4BD1-B089-1469D1471309}.Debug|Any CPU.Build.0 = Debug|Any CPU
		{AA5CC406-BF16-4BD1-B089-1469D1471309}.Debug|Any CPU.Deploy.0 = Debug|Any CPU
		{AA5CC406-BF16-4BD1-B089-1469D1471309}.Release|Any CPU.ActiveCfg = Release|Any CPU
		{AA5CC406-BF16-4BD1-B089-1469D1471309}.Release|Any CPU.Build.0 = Release|Any CPU
		{AA5CC406-BF16-4BD1-B089-1469D1471309}.Release|Any CPU.Deploy.0 = Release|Any CPU
		{04D79BAE-5217-4B1C-9648-B1D16841321C}.Debug|Any CPU.ActiveCfg = Debug|Any CPU
		{04D79BAE-5217-4B1C-9648-B1D16841321C}.Debug|Any CPU.Build.0 = Debug|Any CPU
		{04D79BAE-5217-4B1C-9648-B1D16841321C}.Release|Any CPU.ActiveCfg = Release|Any CPU
		{04D79BAE-5217-4B1C-9648-B1D16841321C}.Release|Any CPU.Build.0 = Release|Any CPU
	EndGlobalSection
	GlobalSection(SolutionProperties) = preSolution
		HideSolutionNode = FALSE
	EndGlobalSection
	GlobalSection(ExtensibilityGlobals) = postSolution
		SolutionGuid = {39E50BE5-4160-4D7C-8774-9C9B513E1B56}
	EndGlobalSection
EndGlobal
